// !$*UTF8*$!
{
	archiveVersion = 1;
	classes = {
	};
	objectVersion = 46;
	objects = {

/* Begin PBXBuildFile section */
		0784DF771E9535F200C29E22 /* LoginTextField.swift in Sources */ = {isa = PBXBuildFile; fileRef = 0784DF761E9535F200C29E22 /* LoginTextField.swift */; };
		07BAD8391E92959400F3354A /* AppDelegate.swift in Sources */ = {isa = PBXBuildFile; fileRef = 07BAD8381E92959400F3354A /* AppDelegate.swift */; };
		07BAD83B1E92959400F3354A /* LoginViewController.swift in Sources */ = {isa = PBXBuildFile; fileRef = 07BAD83A1E92959400F3354A /* LoginViewController.swift */; };
		07BAD8411E92959400F3354A /* Chef.xcdatamodeld in Sources */ = {isa = PBXBuildFile; fileRef = 07BAD83F1E92959400F3354A /* Chef.xcdatamodeld */; };
		07BAD8461E92959400F3354A /* LaunchScreen.storyboard in Resources */ = {isa = PBXBuildFile; fileRef = 07BAD8441E92959400F3354A /* LaunchScreen.storyboard */; };
		07BAD8711E92E7B000F3354A /* FirebaseManager.swift in Sources */ = {isa = PBXBuildFile; fileRef = 07BAD8701E92E7B000F3354A /* FirebaseManager.swift */; };
		569079CE71FE1EDE8D759D4B /* Pods_Chef.framework in Frameworks */ = {isa = PBXBuildFile; fileRef = F3C9E0E65040B15B772D4294 /* Pods_Chef.framework */; };
		7B8ADF1D1E92DE05000A3362 /* GoogleService-Info.plist in Resources */ = {isa = PBXBuildFile; fileRef = 7B8ADF1C1E92DE05000A3362 /* GoogleService-Info.plist */; };
		7B8ADF1F1E92E77C000A3362 /* User.swift in Sources */ = {isa = PBXBuildFile; fileRef = 7B8ADF1E1E92E77C000A3362 /* User.swift */; };
		7B97B15C1E92D5930005B23D /* Assets.xcassets in Resources */ = {isa = PBXBuildFile; fileRef = 7B97B15B1E92D5930005B23D /* Assets.xcassets */; };
		7BF533051E95961900687363 /* Secrets.swift in Sources */ = {isa = PBXBuildFile; fileRef = 7BF533041E95961900687363 /* Secrets.swift */; };
		7BF533071E95962000687363 /* RecipeDataStore.swift in Sources */ = {isa = PBXBuildFile; fileRef = 7BF533061E95962000687363 /* RecipeDataStore.swift */; };
		7BF533091E95962700687363 /* RecipeAPIClientManager.swift in Sources */ = {isa = PBXBuildFile; fileRef = 7BF533081E95962700687363 /* RecipeAPIClientManager.swift */; };
		7BF5330B1E95962F00687363 /* Dish.swift in Sources */ = {isa = PBXBuildFile; fileRef = 7BF5330A1E95962F00687363 /* Dish.swift */; };
/* End PBXBuildFile section */

/* Begin PBXFileReference section */
		0784DF761E9535F200C29E22 /* LoginTextField.swift */ = {isa = PBXFileReference; fileEncoding = 4; lastKnownFileType = sourcecode.swift; path = LoginTextField.swift; sourceTree = "<group>"; };
		07BAD8351E92959400F3354A /* Chef.app */ = {isa = PBXFileReference; explicitFileType = wrapper.application; includeInIndex = 0; path = Chef.app; sourceTree = BUILT_PRODUCTS_DIR; };
		07BAD8381E92959400F3354A /* AppDelegate.swift */ = {isa = PBXFileReference; lastKnownFileType = sourcecode.swift; path = AppDelegate.swift; sourceTree = "<group>"; };
		07BAD83A1E92959400F3354A /* LoginViewController.swift */ = {isa = PBXFileReference; lastKnownFileType = sourcecode.swift; path = LoginViewController.swift; sourceTree = "<group>"; };
		07BAD8401E92959400F3354A /* Chef.xcdatamodel */ = {isa = PBXFileReference; lastKnownFileType = wrapper.xcdatamodel; path = Chef.xcdatamodel; sourceTree = "<group>"; };
		07BAD8451E92959400F3354A /* Base */ = {isa = PBXFileReference; lastKnownFileType = file.storyboard; name = Base; path = Base.lproj/LaunchScreen.storyboard; sourceTree = "<group>"; };
		07BAD8471E92959400F3354A /* Info.plist */ = {isa = PBXFileReference; lastKnownFileType = text.plist.xml; path = Info.plist; sourceTree = "<group>"; };
		07BAD8701E92E7B000F3354A /* FirebaseManager.swift */ = {isa = PBXFileReference; fileEncoding = 4; lastKnownFileType = sourcecode.swift; path = FirebaseManager.swift; sourceTree = "<group>"; };
		7B8ADF1C1E92DE05000A3362 /* GoogleService-Info.plist */ = {isa = PBXFileReference; fileEncoding = 4; lastKnownFileType = text.plist.xml; path = "GoogleService-Info.plist"; sourceTree = "<group>"; };
		7B8ADF1E1E92E77C000A3362 /* User.swift */ = {isa = PBXFileReference; fileEncoding = 4; lastKnownFileType = sourcecode.swift; path = User.swift; sourceTree = "<group>"; };
		7B97B15B1E92D5930005B23D /* Assets.xcassets */ = {isa = PBXFileReference; lastKnownFileType = folder.assetcatalog; path = Assets.xcassets; sourceTree = "<group>"; };
		7BF533041E95961900687363 /* Secrets.swift */ = {isa = PBXFileReference; fileEncoding = 4; lastKnownFileType = sourcecode.swift; path = Secrets.swift; sourceTree = "<group>"; };
		7BF533061E95962000687363 /* RecipeDataStore.swift */ = {isa = PBXFileReference; fileEncoding = 4; lastKnownFileType = sourcecode.swift; path = RecipeDataStore.swift; sourceTree = "<group>"; };
		7BF533081E95962700687363 /* RecipeAPIClientManager.swift */ = {isa = PBXFileReference; fileEncoding = 4; lastKnownFileType = sourcecode.swift; path = RecipeAPIClientManager.swift; sourceTree = "<group>"; };
		7BF5330A1E95962F00687363 /* Dish.swift */ = {isa = PBXFileReference; fileEncoding = 4; lastKnownFileType = sourcecode.swift; path = Dish.swift; sourceTree = "<group>"; };
		C2B178A00509E5C0BF4976AA /* Pods-Chef.debug.xcconfig */ = {isa = PBXFileReference; includeInIndex = 1; lastKnownFileType = text.xcconfig; name = "Pods-Chef.debug.xcconfig"; path = "Pods/Target Support Files/Pods-Chef/Pods-Chef.debug.xcconfig"; sourceTree = "<group>"; };
		CC26D008C10F3438E7CE7D88 /* Pods-Chef.release.xcconfig */ = {isa = PBXFileReference; includeInIndex = 1; lastKnownFileType = text.xcconfig; name = "Pods-Chef.release.xcconfig"; path = "Pods/Target Support Files/Pods-Chef/Pods-Chef.release.xcconfig"; sourceTree = "<group>"; };
		F3C9E0E65040B15B772D4294 /* Pods_Chef.framework */ = {isa = PBXFileReference; explicitFileType = wrapper.framework; includeInIndex = 0; path = Pods_Chef.framework; sourceTree = BUILT_PRODUCTS_DIR; };
/* End PBXFileReference section */

/* Begin PBXFrameworksBuildPhase section */
		07BAD8321E92959400F3354A /* Frameworks */ = {
			isa = PBXFrameworksBuildPhase;
			buildActionMask = 2147483647;
			files = (
				569079CE71FE1EDE8D759D4B /* Pods_Chef.framework in Frameworks */,
			);
			runOnlyForDeploymentPostprocessing = 0;
		};
/* End PBXFrameworksBuildPhase section */

/* Begin PBXGroup section */
		074EDB4A1E940BF2001F95F2 /* Models */ = {
			isa = PBXGroup;
			children = (
				7B8ADF1E1E92E77C000A3362 /* User.swift */,
				7BF5330A1E95962F00687363 /* Dish.swift */,
			);
			name = Models;
			sourceTree = "<group>";
		};
		074EDB4B1E940BF8001F95F2 /* Controllers */ = {
			isa = PBXGroup;
			children = (
				07BAD8381E92959400F3354A /* AppDelegate.swift */,
				07BAD83A1E92959400F3354A /* LoginViewController.swift */,
			);
			name = Controllers;
			sourceTree = "<group>";
		};
		074EDB4D1E940C1E001F95F2 /* Other */ = {
			isa = PBXGroup;
			children = (
				07BAD8701E92E7B000F3354A /* FirebaseManager.swift */,
				7BF533061E95962000687363 /* RecipeDataStore.swift */,
				7BF533081E95962700687363 /* RecipeAPIClientManager.swift */,
				7BF533041E95961900687363 /* Secrets.swift */,
			);
			name = Other;
			sourceTree = "<group>";
		};
		0784DF751E9535E300C29E22 /* Views */ = {
			isa = PBXGroup;
			children = (
				0784DF761E9535F200C29E22 /* LoginTextField.swift */,
			);
			name = Views;
			sourceTree = "<group>";
		};
		07BAD82C1E92959400F3354A = {
			isa = PBXGroup;
			children = (
				07BAD8371E92959400F3354A /* Chef */,
				07BAD8361E92959400F3354A /* Products */,
				9FC8CD16B59E236A239FE2E7 /* Pods */,
				E8C44C4BA5842F6E1D88C6D4 /* Frameworks */,
			);
			sourceTree = "<group>";
		};
		07BAD8361E92959400F3354A /* Products */ = {
			isa = PBXGroup;
			children = (
				07BAD8351E92959400F3354A /* Chef.app */,
			);
			name = Products;
			sourceTree = "<group>";
		};
		07BAD8371E92959400F3354A /* Chef */ = {
			isa = PBXGroup;
			children = (
				074EDB4A1E940BF2001F95F2 /* Models */,
				0784DF751E9535E300C29E22 /* Views */,
				074EDB4B1E940BF8001F95F2 /* Controllers */,
				074EDB4D1E940C1E001F95F2 /* Other */,
				07BAD8441E92959400F3354A /* LaunchScreen.storyboard */,
				07BAD8471E92959400F3354A /* Info.plist */,
				7B8ADF1C1E92DE05000A3362 /* GoogleService-Info.plist */,
				07BAD83F1E92959400F3354A /* Chef.xcdatamodeld */,
				7B97B15B1E92D5930005B23D /* Assets.xcassets */,
			);
			path = Chef;
			sourceTree = "<group>";
		};
		9FC8CD16B59E236A239FE2E7 /* Pods */ = {
			isa = PBXGroup;
			children = (
				C2B178A00509E5C0BF4976AA /* Pods-Chef.debug.xcconfig */,
				CC26D008C10F3438E7CE7D88 /* Pods-Chef.release.xcconfig */,
			);
			name = Pods;
			sourceTree = "<group>";
		};
		E8C44C4BA5842F6E1D88C6D4 /* Frameworks */ = {
			isa = PBXGroup;
			children = (
				F3C9E0E65040B15B772D4294 /* Pods_Chef.framework */,
			);
			name = Frameworks;
			sourceTree = "<group>";
		};
/* End PBXGroup section */

/* Begin PBXNativeTarget section */
		07BAD8341E92959400F3354A /* Chef */ = {
			isa = PBXNativeTarget;
			buildConfigurationList = 07BAD84A1E92959400F3354A /* Build configuration list for PBXNativeTarget "Chef" */;
			buildPhases = (
				E142DF22390154F3DB9A4676 /* [CP] Check Pods Manifest.lock */,
				07BAD8311E92959400F3354A /* Sources */,
				07BAD8321E92959400F3354A /* Frameworks */,
				07BAD8331E92959400F3354A /* Resources */,
				8D12AC146838FC75C29B3907 /* [CP] Embed Pods Frameworks */,
				66A8D12698146CB43E26D4A7 /* [CP] Copy Pods Resources */,
			);
			buildRules = (
			);
			dependencies = (
			);
			name = Chef;
			productName = Chef;
			productReference = 07BAD8351E92959400F3354A /* Chef.app */;
			productType = "com.apple.product-type.application";
		};
/* End PBXNativeTarget section */

/* Begin PBXProject section */
		07BAD82D1E92959400F3354A /* Project object */ = {
			isa = PBXProject;
			attributes = {
				LastSwiftUpdateCheck = 0830;
				LastUpgradeCheck = 0830;
				ORGANIZATIONNAME = "Blue Team";
				TargetAttributes = {
					07BAD8341E92959400F3354A = {
						CreatedOnToolsVersion = 8.3;
						DevelopmentTeam = T2QNE7E45K;
						ProvisioningStyle = Automatic;
					};
				};
			};
			buildConfigurationList = 07BAD8301E92959400F3354A /* Build configuration list for PBXProject "Chef" */;
			compatibilityVersion = "Xcode 3.2";
			developmentRegion = English;
			hasScannedForEncodings = 0;
			knownRegions = (
				en,
				Base,
			);
			mainGroup = 07BAD82C1E92959400F3354A;
			productRefGroup = 07BAD8361E92959400F3354A /* Products */;
			projectDirPath = "";
			projectRoot = "";
			targets = (
				07BAD8341E92959400F3354A /* Chef */,
			);
		};
/* End PBXProject section */

/* Begin PBXResourcesBuildPhase section */
		07BAD8331E92959400F3354A /* Resources */ = {
			isa = PBXResourcesBuildPhase;
			buildActionMask = 2147483647;
			files = (
				7B97B15C1E92D5930005B23D /* Assets.xcassets in Resources */,
				07BAD8461E92959400F3354A /* LaunchScreen.storyboard in Resources */,
				7B8ADF1D1E92DE05000A3362 /* GoogleService-Info.plist in Resources */,
			);
			runOnlyForDeploymentPostprocessing = 0;
		};
/* End PBXResourcesBuildPhase section */

/* Begin PBXShellScriptBuildPhase section */
		66A8D12698146CB43E26D4A7 /* [CP] Copy Pods Resources */ = {
			isa = PBXShellScriptBuildPhase;
			buildActionMask = 2147483647;
			files = (
			);
			inputPaths = (
			);
			name = "[CP] Copy Pods Resources";
			outputPaths = (
			);
			runOnlyForDeploymentPostprocessing = 0;
			shellPath = /bin/sh;
			shellScript = "\"${SRCROOT}/Pods/Target Support Files/Pods-Chef/Pods-Chef-resources.sh\"\n";
			showEnvVarsInLog = 0;
		};
		8D12AC146838FC75C29B3907 /* [CP] Embed Pods Frameworks */ = {
			isa = PBXShellScriptBuildPhase;
			buildActionMask = 2147483647;
			files = (
			);
			inputPaths = (
			);
			name = "[CP] Embed Pods Frameworks";
			outputPaths = (
			);
			runOnlyForDeploymentPostprocessing = 0;
			shellPath = /bin/sh;
			shellScript = "\"${SRCROOT}/Pods/Target Support Files/Pods-Chef/Pods-Chef-frameworks.sh\"\n";
			showEnvVarsInLog = 0;
		};
		E142DF22390154F3DB9A4676 /* [CP] Check Pods Manifest.lock */ = {
			isa = PBXShellScriptBuildPhase;
			buildActionMask = 2147483647;
			files = (
			);
			inputPaths = (
			);
			name = "[CP] Check Pods Manifest.lock";
			outputPaths = (
			);
			runOnlyForDeploymentPostprocessing = 0;
			shellPath = /bin/sh;
			shellScript = "diff \"${PODS_ROOT}/../Podfile.lock\" \"${PODS_ROOT}/Manifest.lock\" > /dev/null\nif [ $? != 0 ] ; then\n    # print error to STDERR\n    echo \"error: The sandbox is not in sync with the Podfile.lock. Run 'pod install' or update your CocoaPods installation.\" >&2\n    exit 1\nfi\n";
			showEnvVarsInLog = 0;
		};
/* End PBXShellScriptBuildPhase section */

/* Begin PBXSourcesBuildPhase section */
		07BAD8311E92959400F3354A /* Sources */ = {
			isa = PBXSourcesBuildPhase;
			buildActionMask = 2147483647;
			files = (
				07BAD8711E92E7B000F3354A /* FirebaseManager.swift in Sources */,
				7BF5330B1E95962F00687363 /* Dish.swift in Sources */,
				07BAD8411E92959400F3354A /* Chef.xcdatamodeld in Sources */,
				7BF533051E95961900687363 /* Secrets.swift in Sources */,
				07BAD83B1E92959400F3354A /* LoginViewController.swift in Sources */,
				07BAD8391E92959400F3354A /* AppDelegate.swift in Sources */,
				7B8ADF1F1E92E77C000A3362 /* User.swift in Sources */,
				0784DF771E9535F200C29E22 /* LoginTextField.swift in Sources */,
				7BF533091E95962700687363 /* RecipeAPIClientManager.swift in Sources */,
				7BF533071E95962000687363 /* RecipeDataStore.swift in Sources */,
			);
			runOnlyForDeploymentPostprocessing = 0;
		};
/* End PBXSourcesBuildPhase section */

/* Begin PBXVariantGroup section */
		07BAD8441E92959400F3354A /* LaunchScreen.storyboard */ = {
			isa = PBXVariantGroup;
			children = (
				07BAD8451E92959400F3354A /* Base */,
			);
			name = LaunchScreen.storyboard;
			sourceTree = "<group>";
		};
/* End PBXVariantGroup section */

/* Begin XCBuildConfiguration section */
		07BAD8481E92959400F3354A /* Debug */ = {
			isa = XCBuildConfiguration;
			buildSettings = {
				ALWAYS_SEARCH_USER_PATHS = NO;
				CLANG_ANALYZER_NONNULL = YES;
				CLANG_ANALYZER_NUMBER_OBJECT_CONVERSION = YES_AGGRESSIVE;
				CLANG_CXX_LANGUAGE_STANDARD = "gnu++0x";
				CLANG_CXX_LIBRARY = "libc++";
				CLANG_ENABLE_MODULES = YES;
				CLANG_ENABLE_OBJC_ARC = YES;
				CLANG_WARN_BOOL_CONVERSION = YES;
				CLANG_WARN_CONSTANT_CONVERSION = YES;
				CLANG_WARN_DIRECT_OBJC_ISA_USAGE = YES_ERROR;
				CLANG_WARN_DOCUMENTATION_COMMENTS = YES;
				CLANG_WARN_EMPTY_BODY = YES;
				CLANG_WARN_ENUM_CONVERSION = YES;
				CLANG_WARN_INFINITE_RECURSION = YES;
				CLANG_WARN_INT_CONVERSION = YES;
				CLANG_WARN_OBJC_ROOT_CLASS = YES_ERROR;
				CLANG_WARN_SUSPICIOUS_MOVE = YES;
				CLANG_WARN_UNREACHABLE_CODE = YES;
				CLANG_WARN__DUPLICATE_METHOD_MATCH = YES;
				"CODE_SIGN_IDENTITY[sdk=iphoneos*]" = "iPhone Developer";
				COPY_PHASE_STRIP = NO;
				DEBUG_INFORMATION_FORMAT = dwarf;
				ENABLE_STRICT_OBJC_MSGSEND = YES;
				ENABLE_TESTABILITY = YES;
				GCC_C_LANGUAGE_STANDARD = gnu99;
				GCC_DYNAMIC_NO_PIC = NO;
				GCC_NO_COMMON_BLOCKS = YES;
				GCC_OPTIMIZATION_LEVEL = 0;
				GCC_PREPROCESSOR_DEFINITIONS = (
					"DEBUG=1",
					"$(inherited)",
				);
				GCC_WARN_64_TO_32_BIT_CONVERSION = YES;
				GCC_WARN_ABOUT_RETURN_TYPE = YES_ERROR;
				GCC_WARN_UNDECLARED_SELECTOR = YES;
				GCC_WARN_UNINITIALIZED_AUTOS = YES_AGGRESSIVE;
				GCC_WARN_UNUSED_FUNCTION = YES;
				GCC_WARN_UNUSED_VARIABLE = YES;
				IPHONEOS_DEPLOYMENT_TARGET = 10.3;
				MTL_ENABLE_DEBUG_INFO = YES;
				ONLY_ACTIVE_ARCH = YES;
				SDKROOT = iphoneos;
				SWIFT_ACTIVE_COMPILATION_CONDITIONS = DEBUG;
				SWIFT_OPTIMIZATION_LEVEL = "-Onone";
			};
			name = Debug;
		};
		07BAD8491E92959400F3354A /* Release */ = {
			isa = XCBuildConfiguration;
			buildSettings = {
				ALWAYS_SEARCH_USER_PATHS = NO;
				CLANG_ANALYZER_NONNULL = YES;
				CLANG_ANALYZER_NUMBER_OBJECT_CONVERSION = YES_AGGRESSIVE;
				CLANG_CXX_LANGUAGE_STANDARD = "gnu++0x";
				CLANG_CXX_LIBRARY = "libc++";
				CLANG_ENABLE_MODULES = YES;
				CLANG_ENABLE_OBJC_ARC = YES;
				CLANG_WARN_BOOL_CONVERSION = YES;
				CLANG_WARN_CONSTANT_CONVERSION = YES;
				CLANG_WARN_DIRECT_OBJC_ISA_USAGE = YES_ERROR;
				CLANG_WARN_DOCUMENTATION_COMMENTS = YES;
				CLANG_WARN_EMPTY_BODY = YES;
				CLANG_WARN_ENUM_CONVERSION = YES;
				CLANG_WARN_INFINITE_RECURSION = YES;
				CLANG_WARN_INT_CONVERSION = YES;
				CLANG_WARN_OBJC_ROOT_CLASS = YES_ERROR;
				CLANG_WARN_SUSPICIOUS_MOVE = YES;
				CLANG_WARN_UNREACHABLE_CODE = YES;
				CLANG_WARN__DUPLICATE_METHOD_MATCH = YES;
				"CODE_SIGN_IDENTITY[sdk=iphoneos*]" = "iPhone Developer";
				COPY_PHASE_STRIP = NO;
				DEBUG_INFORMATION_FORMAT = "dwarf-with-dsym";
				ENABLE_NS_ASSERTIONS = NO;
				ENABLE_STRICT_OBJC_MSGSEND = YES;
				GCC_C_LANGUAGE_STANDARD = gnu99;
				GCC_NO_COMMON_BLOCKS = YES;
				GCC_WARN_64_TO_32_BIT_CONVERSION = YES;
				GCC_WARN_ABOUT_RETURN_TYPE = YES_ERROR;
				GCC_WARN_UNDECLARED_SELECTOR = YES;
				GCC_WARN_UNINITIALIZED_AUTOS = YES_AGGRESSIVE;
				GCC_WARN_UNUSED_FUNCTION = YES;
				GCC_WARN_UNUSED_VARIABLE = YES;
				IPHONEOS_DEPLOYMENT_TARGET = 10.3;
				MTL_ENABLE_DEBUG_INFO = NO;
				SDKROOT = iphoneos;
				SWIFT_OPTIMIZATION_LEVEL = "-Owholemodule";
				VALIDATE_PRODUCT = YES;
			};
			name = Release;
		};
		07BAD84B1E92959400F3354A /* Debug */ = {
			isa = XCBuildConfiguration;
			baseConfigurationReference = C2B178A00509E5C0BF4976AA /* Pods-Chef.debug.xcconfig */;
			buildSettings = {
				ASSETCATALOG_COMPILER_APPICON_NAME = AppIcon;
				DEVELOPMENT_TEAM = T2QNE7E45K;
				INFOPLIST_FILE = Chef/Info.plist;
				IPHONEOS_DEPLOYMENT_TARGET = 10.0;
				LD_RUNPATH_SEARCH_PATHS = "$(inherited) @executable_path/Frameworks";
				PRODUCT_BUNDLE_IDENTIFIER = "com.blue-team.Chef";
				PRODUCT_NAME = "$(TARGET_NAME)";
				SWIFT_VERSION = 3.0;
			};
			name = Debug;
		};
		07BAD84C1E92959400F3354A /* Release */ = {
			isa = XCBuildConfiguration;
			baseConfigurationReference = CC26D008C10F3438E7CE7D88 /* Pods-Chef.release.xcconfig */;
			buildSettings = {
				ASSETCATALOG_COMPILER_APPICON_NAME = AppIcon;
				DEVELOPMENT_TEAM = T2QNE7E45K;
				INFOPLIST_FILE = Chef/Info.plist;
				IPHONEOS_DEPLOYMENT_TARGET = 10.0;
				LD_RUNPATH_SEARCH_PATHS = "$(inherited) @executable_path/Frameworks";
				PRODUCT_BUNDLE_IDENTIFIER = "com.blue-team.Chef";
				PRODUCT_NAME = "$(TARGET_NAME)";
				SWIFT_VERSION = 3.0;
			};
			name = Release;
		};
/* End XCBuildConfiguration section */

/* Begin XCConfigurationList section */
		07BAD8301E92959400F3354A /* Build configuration list for PBXProject "Chef" */ = {
			isa = XCConfigurationList;
			buildConfigurations = (
				07BAD8481E92959400F3354A /* Debug */,
				07BAD8491E92959400F3354A /* Release */,
			);
			defaultConfigurationIsVisible = 0;
			defaultConfigurationName = Release;
		};
		07BAD84A1E92959400F3354A /* Build configuration list for PBXNativeTarget "Chef" */ = {
			isa = XCConfigurationList;
			buildConfigurations = (
				07BAD84B1E92959400F3354A /* Debug */,
				07BAD84C1E92959400F3354A /* Release */,
			);
			defaultConfigurationIsVisible = 0;
			defaultConfigurationName = Release;
		};
/* End XCConfigurationList section */

/* Begin XCVersionGroup section */
		07BAD83F1E92959400F3354A /* Chef.xcdatamodeld */ = {
			isa = XCVersionGroup;
			children = (
				07BAD8401E92959400F3354A /* Chef.xcdatamodel */,
			);
			currentVersion = 07BAD8401E92959400F3354A /* Chef.xcdatamodel */;
			path = Chef.xcdatamodeld;
			sourceTree = "<group>";
			versionGroupType = wrapper.xcdatamodel;
		};
/* End XCVersionGroup section */
	};
	rootObject = 07BAD82D1E92959400F3354A /* Project object */;
}
